
Microsoft Visual Studio Solution File, Format Version 12.00
# Visual Studio Version 17
VisualStudioVersion = 17.11.35222.181
MinimumVisualStudioVersion = 10.0.40219.1
Project("{FAE04EC0-301F-11D3-BF4B-00C04F79EFBC}") = "HotelListing.Api", "HotelListing.Api\HotelListing.Api.csproj", "{D5842A0C-387F-435F-9006-24E8F05297B2}"
EndProject
Global
	GlobalSection(SolutionConfigurationPlatforms) = preSolution
		Debug|Any CPU = Debug|Any CPU
		Release|Any CPU = Release|Any CPU
	EndGlobalSection
	GlobalSection(ProjectConfigurationPlatforms) = postSolution
		{D5842A0C-387F-435F-9006-24E8F05297B2}.Debug|Any CPU.ActiveCfg = Debug|Any CPU
		{D5842A0C-387F-435F-9006-24E8F05297B2}.Debug|Any CPU.Build.0 = Debug|Any CPU
		{D5842A0C-387F-435F-9006-24E8F05297B2}.Release|Any CPU.ActiveCfg = Release|Any CPU
		{D5842A0C-387F-435F-9006-24E8F05297B2}.Release|Any CPU.Build.0 = Release|Any CPU
	EndGlobalSection
	GlobalSection(SolutionProperties) = preSolution
		HideSolutionNode = FALSE
	EndGlobalSection
	GlobalSection(ExtensibilityGlobals) = postSolution
		SolutionGuid = {D5AA7DA1-A71F-403F-9ADB-456EDE445E70}
	EndGlobalSection
EndGlobal
